
Microsoft Visual Studio Solution File, Format Version 11.00
# Visual Studio 2010
Project("{FAE04EC0-301F-11D3-BF4B-00C04F79EFBC}") = "DotNet.OpenCNAM", "dotnet-opencnam\DotNet.OpenCNAM.csproj", "{3DEE1C42-7488-401A-9243-76193C201889}"
EndProject
Project("{FAE04EC0-301F-11D3-BF4B-00C04F79EFBC}") = "DotNet.OpenCNAM.Tests", "dotnet-opencnam.tests\DotNet.OpenCNAM.Tests.csproj", "{DAA9C836-E6A8-4A5B-90CB-0562457091E6}"
EndProject
Global
	GlobalSection(SolutionConfigurationPlatforms) = preSolution
		Debug|Any CPU = Debug|Any CPU
		Release|Any CPU = Release|Any CPU
	EndGlobalSection
	GlobalSection(ProjectConfigurationPlatforms) = postSolution
		{3DEE1C42-7488-401A-9243-76193C201889}.Debug|Any CPU.ActiveCfg = Debug|Any CPU
		{3DEE1C42-7488-401A-9243-76193C201889}.Debug|Any CPU.Build.0 = Debug|Any CPU
		{3DEE1C42-7488-401A-9243-76193C201889}.Release|Any CPU.ActiveCfg = Release|Any CPU
		{3DEE1C42-7488-401A-9243-76193C201889}.Release|Any CPU.Build.0 = Release|Any CPU
		{DAA9C836-E6A8-4A5B-90CB-0562457091E6}.Debug|Any CPU.ActiveCfg = Debug|Any CPU
		{DAA9C836-E6A8-4A5B-90CB-0562457091E6}.Debug|Any CPU.Build.0 = Debug|Any CPU
		{DAA9C836-E6A8-4A5B-90CB-0562457091E6}.Release|Any CPU.ActiveCfg = Release|Any CPU
		{DAA9C836-E6A8-4A5B-90CB-0562457091E6}.Release|Any CPU.Build.0 = Release|Any CPU
	EndGlobalSection
	GlobalSection(SolutionProperties) = preSolution
		HideSolutionNode = FALSE
	EndGlobalSection
EndGlobal
